
Microsoft Visual Studio Solution File, Format Version 12.00
# Visual Studio 15
VisualStudioVersion = 15.0.28307.168
MinimumVisualStudioVersion = 10.0.40219.1
Project("{FAE04EC0-301F-11D3-BF4B-00C04F79EFBC}") = "ASD_Day3", "ASD_Day3\ASD_Day3.csproj", "{F12EF59B-B65E-48C4-86EB-FFADD646C724}"
EndProject
Global
	GlobalSection(SolutionConfigurationPlatforms) = preSolution
		Debug|Any CPU = Debug|Any CPU
		Release|Any CPU = Release|Any CPU
	EndGlobalSection
	GlobalSection(ProjectConfigurationPlatforms) = postSolution
		{F12EF59B-B65E-48C4-86EB-FFADD646C724}.Debug|Any CPU.ActiveCfg = Debug|Any CPU
		{F12EF59B-B65E-48C4-86EB-FFADD646C724}.Debug|Any CPU.Build.0 = Debug|Any CPU
		{F12EF59B-B65E-48C4-86EB-FFADD646C724}.Release|Any CPU.ActiveCfg = Release|Any CPU
		{F12EF59B-B65E-48C4-86EB-FFADD646C724}.Release|Any CPU.Build.0 = Release|Any CPU
	EndGlobalSection
	GlobalSection(SolutionProperties) = preSolution
		HideSolutionNode = FALSE
	EndGlobalSection
	GlobalSection(ExtensibilityGlobals) = postSolution
		SolutionGuid = {87DECBFF-11E7-4AB7-B989-32CB7112664F}
	EndGlobalSection
EndGlobal
