
Microsoft Visual Studio Solution File, Format Version 12.00
# Visual Studio 15
VisualStudioVersion = 15.0.28307.168
MinimumVisualStudioVersion = 10.0.40219.1
Project("{FAE04EC0-301F-11D3-BF4B-00C04F79EFBC}") = "valerio_finalProject_P2", "valerio_finalProject_P2\valerio_finalProject_P2.csproj", "{ECD550A2-635F-4844-AC94-6197A2817CF3}"
EndProject
Global
	GlobalSection(SolutionConfigurationPlatforms) = preSolution
		Debug|Any CPU = Debug|Any CPU
		Release|Any CPU = Release|Any CPU
	EndGlobalSection
	GlobalSection(ProjectConfigurationPlatforms) = postSolution
		{ECD550A2-635F-4844-AC94-6197A2817CF3}.Debug|Any CPU.ActiveCfg = Debug|Any CPU
		{ECD550A2-635F-4844-AC94-6197A2817CF3}.Debug|Any CPU.Build.0 = Debug|Any CPU
		{ECD550A2-635F-4844-AC94-6197A2817CF3}.Release|Any CPU.ActiveCfg = Release|Any CPU
		{ECD550A2-635F-4844-AC94-6197A2817CF3}.Release|Any CPU.Build.0 = Release|Any CPU
	EndGlobalSection
	GlobalSection(SolutionProperties) = preSolution
		HideSolutionNode = FALSE
	EndGlobalSection
	GlobalSection(ExtensibilityGlobals) = postSolution
		SolutionGuid = {F6DD1947-4DB3-43BE-9AD2-D914DC2C3D5D}
	EndGlobalSection
EndGlobal
