
Microsoft Visual Studio Solution File, Format Version 12.00
# Visual Studio 15
VisualStudioVersion = 15.0.28307.168
MinimumVisualStudioVersion = 10.0.40219.1
Project("{FAE04EC0-301F-11D3-BF4B-00C04F79EFBC}") = "Valerio_Skylar_Arrays", "Valerio_Skylar_Arrays\Valerio_Skylar_Arrays.csproj", "{760E607A-F7BB-430F-8CEE-C079F0C9F375}"
EndProject
Global
	GlobalSection(SolutionConfigurationPlatforms) = preSolution
		Debug|Any CPU = Debug|Any CPU
		Release|Any CPU = Release|Any CPU
	EndGlobalSection
	GlobalSection(ProjectConfigurationPlatforms) = postSolution
		{760E607A-F7BB-430F-8CEE-C079F0C9F375}.Debug|Any CPU.ActiveCfg = Debug|Any CPU
		{760E607A-F7BB-430F-8CEE-C079F0C9F375}.Debug|Any CPU.Build.0 = Debug|Any CPU
		{760E607A-F7BB-430F-8CEE-C079F0C9F375}.Release|Any CPU.ActiveCfg = Release|Any CPU
		{760E607A-F7BB-430F-8CEE-C079F0C9F375}.Release|Any CPU.Build.0 = Release|Any CPU
	EndGlobalSection
	GlobalSection(SolutionProperties) = preSolution
		HideSolutionNode = FALSE
	EndGlobalSection
	GlobalSection(ExtensibilityGlobals) = postSolution
		SolutionGuid = {968029A5-78C0-41A8-987C-3A42E928AFC5}
	EndGlobalSection
EndGlobal
