
Microsoft Visual Studio Solution File, Format Version 12.00
# Visual Studio 15
VisualStudioVersion = 15.0.28307.852
MinimumVisualStudioVersion = 10.0.40219.1
Project("{FAE04EC0-301F-11D3-BF4B-00C04F79EFBC}") = "Integrative_TimedMathQuiz", "Integrative_TimedMathQuiz\Integrative_TimedMathQuiz.csproj", "{0E2B6039-3DD6-45A9-99E9-68CB8A04597D}"
EndProject
Global
	GlobalSection(SolutionConfigurationPlatforms) = preSolution
		Debug|Any CPU = Debug|Any CPU
		Release|Any CPU = Release|Any CPU
	EndGlobalSection
	GlobalSection(ProjectConfigurationPlatforms) = postSolution
		{0E2B6039-3DD6-45A9-99E9-68CB8A04597D}.Debug|Any CPU.ActiveCfg = Debug|Any CPU
		{0E2B6039-3DD6-45A9-99E9-68CB8A04597D}.Debug|Any CPU.Build.0 = Debug|Any CPU
		{0E2B6039-3DD6-45A9-99E9-68CB8A04597D}.Release|Any CPU.ActiveCfg = Release|Any CPU
		{0E2B6039-3DD6-45A9-99E9-68CB8A04597D}.Release|Any CPU.Build.0 = Release|Any CPU
	EndGlobalSection
	GlobalSection(SolutionProperties) = preSolution
		HideSolutionNode = FALSE
	EndGlobalSection
	GlobalSection(ExtensibilityGlobals) = postSolution
		SolutionGuid = {8510039F-1D34-43E4-A4C4-7ECFB8A261F1}
	EndGlobalSection
EndGlobal
