
Microsoft Visual Studio Solution File, Format Version 12.00
# Visual Studio 15
VisualStudioVersion = 15.0.28307.168
MinimumVisualStudioVersion = 10.0.40219.1
Project("{FAE04EC0-301F-11D3-BF4B-00C04F79EFBC}") = "ValerioSkylar_Cards", "ValerioSkylar_Cards\ValerioSkylar_Cards.csproj", "{D7CB9E80-34FA-44B1-AC38-1CC35CF7E20B}"
EndProject
Global
	GlobalSection(SolutionConfigurationPlatforms) = preSolution
		Debug|Any CPU = Debug|Any CPU
		Release|Any CPU = Release|Any CPU
	EndGlobalSection
	GlobalSection(ProjectConfigurationPlatforms) = postSolution
		{D7CB9E80-34FA-44B1-AC38-1CC35CF7E20B}.Debug|Any CPU.ActiveCfg = Debug|Any CPU
		{D7CB9E80-34FA-44B1-AC38-1CC35CF7E20B}.Debug|Any CPU.Build.0 = Debug|Any CPU
		{D7CB9E80-34FA-44B1-AC38-1CC35CF7E20B}.Release|Any CPU.ActiveCfg = Release|Any CPU
		{D7CB9E80-34FA-44B1-AC38-1CC35CF7E20B}.Release|Any CPU.Build.0 = Release|Any CPU
	EndGlobalSection
	GlobalSection(SolutionProperties) = preSolution
		HideSolutionNode = FALSE
	EndGlobalSection
	GlobalSection(ExtensibilityGlobals) = postSolution
		SolutionGuid = {4C86F2DA-E5C2-4BE2-BEA1-CE5F60028313}
	EndGlobalSection
EndGlobal
