
Microsoft Visual Studio Solution File, Format Version 12.00
# Visual Studio 15
VisualStudioVersion = 15.0.28307.168
MinimumVisualStudioVersion = 10.0.40219.1
Project("{FAE04EC0-301F-11D3-BF4B-00C04F79EFBC}") = "ASD_Review", "ASD_Review\ASD_Review.csproj", "{CDAE7586-1D84-45B7-BF63-0656195EA71B}"
EndProject
Global
	GlobalSection(SolutionConfigurationPlatforms) = preSolution
		Debug|Any CPU = Debug|Any CPU
		Release|Any CPU = Release|Any CPU
	EndGlobalSection
	GlobalSection(ProjectConfigurationPlatforms) = postSolution
		{CDAE7586-1D84-45B7-BF63-0656195EA71B}.Debug|Any CPU.ActiveCfg = Debug|Any CPU
		{CDAE7586-1D84-45B7-BF63-0656195EA71B}.Debug|Any CPU.Build.0 = Debug|Any CPU
		{CDAE7586-1D84-45B7-BF63-0656195EA71B}.Release|Any CPU.ActiveCfg = Release|Any CPU
		{CDAE7586-1D84-45B7-BF63-0656195EA71B}.Release|Any CPU.Build.0 = Release|Any CPU
	EndGlobalSection
	GlobalSection(SolutionProperties) = preSolution
		HideSolutionNode = FALSE
	EndGlobalSection
	GlobalSection(ExtensibilityGlobals) = postSolution
		SolutionGuid = {0D8942FA-7313-4AD7-8072-B39E51DEC804}
	EndGlobalSection
EndGlobal
