
Microsoft Visual Studio Solution File, Format Version 12.00
# Visual Studio 15
VisualStudioVersion = 15.0.28307.852
MinimumVisualStudioVersion = 10.0.40219.1
Project("{FAE04EC0-301F-11D3-BF4B-00C04F79EFBC}") = "ValerioSkylar_CE09", "ValerioSkylar_CE09\ValerioSkylar_CE09.csproj", "{FDE237C4-5A8E-46A6-91FF-585E9CAD161E}"
EndProject
Global
	GlobalSection(SolutionConfigurationPlatforms) = preSolution
		Debug|Any CPU = Debug|Any CPU
		Release|Any CPU = Release|Any CPU
	EndGlobalSection
	GlobalSection(ProjectConfigurationPlatforms) = postSolution
		{FDE237C4-5A8E-46A6-91FF-585E9CAD161E}.Debug|Any CPU.ActiveCfg = Debug|Any CPU
		{FDE237C4-5A8E-46A6-91FF-585E9CAD161E}.Debug|Any CPU.Build.0 = Debug|Any CPU
		{FDE237C4-5A8E-46A6-91FF-585E9CAD161E}.Release|Any CPU.ActiveCfg = Release|Any CPU
		{FDE237C4-5A8E-46A6-91FF-585E9CAD161E}.Release|Any CPU.Build.0 = Release|Any CPU
	EndGlobalSection
	GlobalSection(SolutionProperties) = preSolution
		HideSolutionNode = FALSE
	EndGlobalSection
	GlobalSection(ExtensibilityGlobals) = postSolution
		SolutionGuid = {8520B21B-55C7-4588-9434-6D932DF9B33A}
	EndGlobalSection
EndGlobal
