
Microsoft Visual Studio Solution File, Format Version 12.00
# Visual Studio 15
VisualStudioVersion = 15.0.28307.168
MinimumVisualStudioVersion = 10.0.40219.1
Project("{FAE04EC0-301F-11D3-BF4B-00C04F79EFBC}") = "DBS_Day6", "DBS_Day6\DBS_Day6.csproj", "{6389D6F7-C476-4339-8863-763D167EB70E}"
EndProject
Global
	GlobalSection(SolutionConfigurationPlatforms) = preSolution
		Debug|Any CPU = Debug|Any CPU
		Release|Any CPU = Release|Any CPU
	EndGlobalSection
	GlobalSection(ProjectConfigurationPlatforms) = postSolution
		{6389D6F7-C476-4339-8863-763D167EB70E}.Debug|Any CPU.ActiveCfg = Debug|Any CPU
		{6389D6F7-C476-4339-8863-763D167EB70E}.Debug|Any CPU.Build.0 = Debug|Any CPU
		{6389D6F7-C476-4339-8863-763D167EB70E}.Release|Any CPU.ActiveCfg = Release|Any CPU
		{6389D6F7-C476-4339-8863-763D167EB70E}.Release|Any CPU.Build.0 = Release|Any CPU
	EndGlobalSection
	GlobalSection(SolutionProperties) = preSolution
		HideSolutionNode = FALSE
	EndGlobalSection
	GlobalSection(ExtensibilityGlobals) = postSolution
		SolutionGuid = {97790194-8593-428E-BD28-3F4C86521660}
	EndGlobalSection
EndGlobal
