
Microsoft Visual Studio Solution File, Format Version 12.00
# Visual Studio 15
VisualStudioVersion = 15.0.28307.168
MinimumVisualStudioVersion = 10.0.40219.1
Project("{FAE04EC0-301F-11D3-BF4B-00C04F79EFBC}") = "VFW_NewCustomEventsNotess", "VFW_NewCustomEventsNotess\VFW_NewCustomEventsNotess.csproj", "{95E98FA0-5058-4E17-B545-618CA561287F}"
EndProject
Global
	GlobalSection(SolutionConfigurationPlatforms) = preSolution
		Debug|Any CPU = Debug|Any CPU
		Release|Any CPU = Release|Any CPU
	EndGlobalSection
	GlobalSection(ProjectConfigurationPlatforms) = postSolution
		{95E98FA0-5058-4E17-B545-618CA561287F}.Debug|Any CPU.ActiveCfg = Debug|Any CPU
		{95E98FA0-5058-4E17-B545-618CA561287F}.Debug|Any CPU.Build.0 = Debug|Any CPU
		{95E98FA0-5058-4E17-B545-618CA561287F}.Release|Any CPU.ActiveCfg = Release|Any CPU
		{95E98FA0-5058-4E17-B545-618CA561287F}.Release|Any CPU.Build.0 = Release|Any CPU
	EndGlobalSection
	GlobalSection(SolutionProperties) = preSolution
		HideSolutionNode = FALSE
	EndGlobalSection
	GlobalSection(ExtensibilityGlobals) = postSolution
		SolutionGuid = {D4F69806-2319-4918-A437-27500E4258EF}
	EndGlobalSection
EndGlobal
