
Microsoft Visual Studio Solution File, Format Version 12.00
# Visual Studio Version 16
VisualStudioVersion = 16.0.29201.188
MinimumVisualStudioVersion = 10.0.40219.1
Project("{FAE04EC0-301F-11D3-BF4B-00C04F79EFBC}") = "ValerioSkylar_CE08", "ValerioSkylar_CE08.csproj", "{8DC81553-36A5-4BA9-825E-C74485A0AEAF}"
EndProject
Global
	GlobalSection(SolutionConfigurationPlatforms) = preSolution
		Debug|Any CPU = Debug|Any CPU
		Release|Any CPU = Release|Any CPU
	EndGlobalSection
	GlobalSection(ProjectConfigurationPlatforms) = postSolution
		{8DC81553-36A5-4BA9-825E-C74485A0AEAF}.Debug|Any CPU.ActiveCfg = Debug|Any CPU
		{8DC81553-36A5-4BA9-825E-C74485A0AEAF}.Debug|Any CPU.Build.0 = Debug|Any CPU
		{8DC81553-36A5-4BA9-825E-C74485A0AEAF}.Release|Any CPU.ActiveCfg = Release|Any CPU
		{8DC81553-36A5-4BA9-825E-C74485A0AEAF}.Release|Any CPU.Build.0 = Release|Any CPU
	EndGlobalSection
	GlobalSection(SolutionProperties) = preSolution
		HideSolutionNode = FALSE
	EndGlobalSection
	GlobalSection(ExtensibilityGlobals) = postSolution
		SolutionGuid = {68F1BB95-9FB1-41A7-8315-45DDB47E3982}
	EndGlobalSection
EndGlobal
