
Microsoft Visual Studio Solution File, Format Version 12.00
# Visual Studio 15
VisualStudioVersion = 15.0.28307.168
MinimumVisualStudioVersion = 10.0.40219.1
Project("{FAE04EC0-301F-11D3-BF4B-00C04F79EFBC}") = "VFW_ListViewNotes", "VFW_ListViewNotes\VFW_ListViewNotes.csproj", "{CBFCF307-018D-45DE-8C2D-D1C6846C5638}"
EndProject
Global
	GlobalSection(SolutionConfigurationPlatforms) = preSolution
		Debug|Any CPU = Debug|Any CPU
		Release|Any CPU = Release|Any CPU
	EndGlobalSection
	GlobalSection(ProjectConfigurationPlatforms) = postSolution
		{CBFCF307-018D-45DE-8C2D-D1C6846C5638}.Debug|Any CPU.ActiveCfg = Debug|Any CPU
		{CBFCF307-018D-45DE-8C2D-D1C6846C5638}.Debug|Any CPU.Build.0 = Debug|Any CPU
		{CBFCF307-018D-45DE-8C2D-D1C6846C5638}.Release|Any CPU.ActiveCfg = Release|Any CPU
		{CBFCF307-018D-45DE-8C2D-D1C6846C5638}.Release|Any CPU.Build.0 = Release|Any CPU
	EndGlobalSection
	GlobalSection(SolutionProperties) = preSolution
		HideSolutionNode = FALSE
	EndGlobalSection
	GlobalSection(ExtensibilityGlobals) = postSolution
		SolutionGuid = {033919C7-67EE-4F3C-9D74-A2FD28C4E5A9}
	EndGlobalSection
EndGlobal
